
Microsoft Visual Studio Solution File, Format Version 12.00
# Visual Studio 15
VisualStudioVersion = 15.0.27004.2006
MinimumVisualStudioVersion = 10.0.40219.1
Project("{FAE04EC0-301F-11D3-BF4B-00C04F79EFBC}") = "BWMP_db", "BWMP_db\BWMP_db.csproj", "{D3E01A7C-941B-448B-908A-B20665FF3008}"
EndProject
Global
	GlobalSection(SolutionConfigurationPlatforms) = preSolution
		Debug|Any CPU = Debug|Any CPU
		Release|Any CPU = Release|Any CPU
	EndGlobalSection
	GlobalSection(ProjectConfigurationPlatforms) = postSolution
		{D3E01A7C-941B-448B-908A-B20665FF3008}.Debug|Any CPU.ActiveCfg = Debug|Any CPU
		{D3E01A7C-941B-448B-908A-B20665FF3008}.Debug|Any CPU.Build.0 = Debug|Any CPU
		{D3E01A7C-941B-448B-908A-B20665FF3008}.Release|Any CPU.ActiveCfg = Release|Any CPU
		{D3E01A7C-941B-448B-908A-B20665FF3008}.Release|Any CPU.Build.0 = Release|Any CPU
	EndGlobalSection
	GlobalSection(SolutionProperties) = preSolution
		HideSolutionNode = FALSE
	EndGlobalSection
	GlobalSection(ExtensibilityGlobals) = postSolution
		SolutionGuid = {FF3C454A-7878-4371-ADF1-8365705A1762}
	EndGlobalSection
EndGlobal
